# THIS IS AN AUTOGENERATED FILE. DO NOT EDIT THIS FILE DIRECTLY.
# yarn lockfile v1


"@babel/runtime@^7.3.1", "@babel/runtime@^7.4.4", "@babel/runtime@^7.5.5", "@babel/runtime@^7.8.3", "@babel/runtime@^7.8.7":
  version "7.12.5"
  resolved "https://registry.yarnpkg.com/@babel/runtime/-/runtime-7.12.5.tgz#410e7e487441e1b360c29be715d870d9b985882e"
  integrity sha512-plcc+hbExy3McchJCEQG3knOsuh3HH+Prx1P6cLIkET/0dLuQDEnrT+s27Axgc9bqfsmNUNHfscgMUdBpC9xfg==
  dependencies:
    regenerator-runtime "^0.13.4"

"@emotion/hash@^0.8.0":
  version "0.8.0"
  resolved "https://registry.yarnpkg.com/@emotion/hash/-/hash-0.8.0.tgz#bbbff68978fefdbe68ccb533bc8cbe1d1afb5413"
  integrity sha512-kBJtf7PH6aWwZ6fka3zQ0p6SBYzx4fl1LoZXE2RrnYST9Xljm7WfKJrU4g/Xr3Beg72MLrp1AWNUmuYJTL7Cow==

"@ethersproject/abi@5.0.9", "@ethersproject/abi@^5.0.5":
  version "5.0.9"
  resolved "https://registry.yarnpkg.com/@ethersproject/abi/-/abi-5.0.9.tgz#738c1c557e56d8f395a5a27caef9b0449bc85a10"
  integrity sha512-ily2OufA2DTrxkiHQw5GqbkMSnNKuwZBqKsajtT0ERhZy1r9w2CpW1bmtRMIGzaqQxCdn/GEoFogexk72cBBZQ==
  dependencies:
    "@ethersproject/address" "^5.0.4"
    "@ethersproject/bignumber" "^5.0.7"
    "@ethersproject/bytes" "^5.0.4"
    "@ethersproject/constants" "^5.0.4"
    "@ethersproject/hash" "^5.0.4"
    "@ethersproject/keccak256" "^5.0.3"
    "@ethersproject/logger" "^5.0.5"
    "@ethersproject/properties" "^5.0.3"
    "@ethersproject/strings" "^5.0.4"

"@ethersproject/abstract-provider@5.0.7", "@ethersproject/abstract-provider@^5.0.4":
  version "5.0.7"
  resolved "https://registry.yarnpkg.com/@ethersproject/abstract-provider/-/abstract-provider-5.0.7.tgz#04ee3bfe43323384e7fecf6c774975b8dec4bdc9"
  integrity sha512-NF16JGn6M0zZP5ZS8KtDL2Rh7yHxZbUjBIHLNHMm/0X0BephhjUWy8jqs/Zks6kDJRzNthgmPVy41Ec0RYWPYA==
  dependencies:
    "@ethersproject/bignumber" "^5.0.7"
    "@ethersproject/bytes" "^5.0.4"
    "@ethersproject/logger" "^5.0.5"
    "@ethersproject/networks" "^5.0.3"
    "@ethersproject/properties" "^5.0.3"
    "@ethersproject/transactions" "^5.0.5"
    "@ethersproject/web" "^5.0.6"

"@ethersproject/abstract-signer@5.0.9", "@ethersproject/abstract-signer@^5.0.4", "@ethersproject/abstract-signer@^5.0.6":
  version "5.0.9"
  resolved "https://registry.yarnpkg.com/@ethersproject/abstract-signer/-/abstract-signer-5.0.9.tgz#238ddc06031aeb9dfceee2add965292d7dd1acbf"
  integrity sha512-CM5UNmXQaA03MyYARFDDRjHWBxujO41tVle7glf5kHcQsDDULgqSVpkliLJMtPzZjOKFeCVZBHybTZDEZg5zzg==
  dependencies:
    "@ethersproject/abstract-provider" "^5.0.4"
    "@ethersproject/bignumber" "^5.0.7"
    "@ethersproject/bytes" "^5.0.4"
    "@ethersproject/logger" "^5.0.5"
    "@ethersproject/properties" "^5.0.3"

"@ethersproject/address@5.0.8", "@ethersproject/address@^5.0.4", "@ethersproject/address@^5.0.5":
  version "5.0.8"
  resolved "https://registry.yarnpkg.com/@ethersproject/address/-/address-5.0.8.tgz#0c551659144a5a7643c6bea337149d410825298f"
  integrity sha512-V87DHiZMZR6hmFYmoGaHex0D53UEbZpW75uj8AqPbjYUmi65RB4N2LPRcJXuWuN2R0Y2CxkvW6ArijWychr5FA==
  dependencies:
    "@ethersproject/bignumber" "^5.0.10"
    "@ethersproject/bytes" "^5.0.4"
    "@ethersproject/keccak256" "^5.0.3"
    "@ethersproject/logger" "^5.0.5"
    "@ethersproject/rlp" "^5.0.3"

"@ethersproject/base64@5.0.6", "@ethersproject/base64@^5.0.3":
  version "5.0.6"
  resolved "https://registry.yarnpkg.com/@ethersproject/base64/-/base64-5.0.6.tgz#26311ebf29ea3d0b9c300ccf3e1fdc44b7481516"
  integrity sha512-HwrGn8YMiUf7bcdVvB4NJ+eWT0BtEFpDtrYxVXEbR7p/XBSJjwiR7DEggIiRvxbualMKg+EZijQWJ3az2li0uw==
  dependencies:
    "@ethersproject/bytes" "^5.0.4"

"@ethersproject/basex@5.0.6", "@ethersproject/basex@^5.0.3":
  version "5.0.6"
  resolved "https://registry.yarnpkg.com/@ethersproject/basex/-/basex-5.0.6.tgz#ab95c32e48288a3d868726463506641cb1e9fb6b"
  integrity sha512-Y/8dowRxBF3bsKkqEp7XN4kcFFQ0o5xxP1YyopfqkXejaOEGiD7ToQdQ0pIZpAJ5GreW56oFOTDDSO6ZcUCNYg==
  dependencies:
    "@ethersproject/bytes" "^5.0.4"
    "@ethersproject/properties" "^5.0.3"

"@ethersproject/bignumber@5.0.11", "@ethersproject/bignumber@^5.0.10", "@ethersproject/bignumber@^5.0.7", "@ethersproject/bignumber@^5.0.8":
  version "5.0.11"
  resolved "https://registry.yarnpkg.com/@ethersproject/bignumber/-/bignumber-5.0.11.tgz#0d89c1c42439e04ab85013e6d437e428914fcbb2"
  integrity sha512-6mS55WZDceEFZHaWKlRTKwOUmw8sU51Ar1Tbdt3qfk1HNf7i60d6MQVAWJswzCfKWx+E2gCBob8ywajgTZ7zMw==
  dependencies:
    "@ethersproject/bytes" "^5.0.4"
    "@ethersproject/logger" "^5.0.5"
    bn.js "^4.4.0"

"@ethersproject/bytes@5.0.7", "@ethersproject/bytes@^5.0.4":
  version "5.0.7"
  resolved "https://registry.yarnpkg.com/@ethersproject/bytes/-/bytes-5.0.7.tgz#a3e23281ea05b4bfaa769894a18ce5cfc6842dd6"
  integrity sha512-AxTEe6ucwifQiauelO/cpbm14coJTFPl/1uXTXclUO7zBy1HHpNRzspUZlJmozZ/vE6/yNsNq82vy+UmoTDF7g==
  dependencies:
    "@ethersproject/logger" "^5.0.5"

"@ethersproject/constants@5.0.7", "@ethersproject/constants@^5.0.4":
  version "5.0.7"
  resolved "https://registry.yarnpkg.com/@ethersproject/constants/-/constants-5.0.7.tgz#44ff979e5781b17c8c6901266896c3ee745f4e7e"
  integrity sha512-cbQK1UpE4hamB52Eg6DLhJoXeQ1plSzekh5Ujir1xdREdwdsZPPXKczkrWqBBR0KyywJZHN/o/hj0w8j7scSGg==
  dependencies:
    "@ethersproject/bignumber" "^5.0.7"

"@ethersproject/contracts@5.0.8":
  version "5.0.8"
  resolved "https://registry.yarnpkg.com/@ethersproject/contracts/-/contracts-5.0.8.tgz#71d3ba16853a1555be2e161a6741df186f81c73b"
  integrity sha512-PecBL4vnsrpuks2lzzkRsOts8csJy338HNDKDIivbFmx92BVzh3ohOOv3XsoYPSXIHQvobF959W+aSk3RCZL/g==
  dependencies:
    "@ethersproject/abi" "^5.0.5"
    "@ethersproject/abstract-provider" "^5.0.4"
    "@ethersproject/abstract-signer" "^5.0.4"
    "@ethersproject/address" "^5.0.4"
    "@ethersproject/bignumber" "^5.0.7"
    "@ethersproject/bytes" "^5.0.4"
    "@ethersproject/constants" "^5.0.4"
    "@ethersproject/logger" "^5.0.5"
    "@ethersproject/properties" "^5.0.3"

"@ethersproject/hash@5.0.8", "@ethersproject/hash@^5.0.4":
  version "5.0.8"
  resolved "https://registry.yarnpkg.com/@ethersproject/hash/-/hash-5.0.8.tgz#368a60addc3c5cd18e28f78c80dc94e1bacb82d8"
  integrity sha512-Qay01tcFyFreYjSMt82rOQGMfQDmLm1sj3iNNO1BhrVf840xgBZuJ7gBATERzAjTuTCHUHw9BuGwxErJUS95yg==
  dependencies:
    "@ethersproject/abstract-signer" "^5.0.6"
    "@ethersproject/address" "^5.0.5"
    "@ethersproject/bignumber" "^5.0.8"
    "@ethersproject/bytes" "^5.0.4"
    "@ethersproject/keccak256" "^5.0.3"
    "@ethersproject/logger" "^5.0.5"
    "@ethersproject/properties" "^5.0.4"
    "@ethersproject/strings" "^5.0.4"

"@ethersproject/hdnode@5.0.7", "@ethersproject/hdnode@^5.0.4":
  version "5.0.7"
  resolved "https://registry.yarnpkg.com/@ethersproject/hdnode/-/hdnode-5.0.7.tgz#c7bce94a337ea65e37c46bab09a83e1c1a555d99"
  integrity sha512-89tphqlji4y/LNE1cSaMQ3hrBtJ4lO1qWGi2hn54LiHym85DTw+zAKbA8QgmdSdJDLGR/kc9VHaIPQ+vZQ2LkQ==
  dependencies:
    "@ethersproject/abstract-signer" "^5.0.4"
    "@ethersproject/basex" "^5.0.3"
    "@ethersproject/bignumber" "^5.0.7"
    "@ethersproject/bytes" "^5.0.4"
    "@ethersproject/logger" "^5.0.5"
    "@ethersproject/pbkdf2" "^5.0.3"
    "@ethersproject/properties" "^5.0.3"
    "@ethersproject/sha2" "^5.0.3"
    "@ethersproject/signing-key" "^5.0.4"
    "@ethersproject/strings" "^5.0.4"
    "@ethersproject/transactions" "^5.0.5"
    "@ethersproject/wordlists" "^5.0.4"

"@ethersproject/json-wallets@5.0.9", "@ethersproject/json-wallets@^5.0.6":
  version "5.0.9"
  resolved "https://registry.yarnpkg.com/@ethersproject/json-wallets/-/json-wallets-5.0.9.tgz#2e1708c2854c4ab764e35920bd1f44c948b95434"
  integrity sha512-EWuFvJd8nu90dkmJwmJddxOYCvFvMkKBsZi8rxTme2XEZsHKOFnybVkoL23u7ZtApuEfTKmVcR2PTwgZwqDsKw==
  dependencies:
    "@ethersproject/abstract-signer" "^5.0.4"
    "@ethersproject/address" "^5.0.4"
    "@ethersproject/bytes" "^5.0.4"
    "@ethersproject/hdnode" "^5.0.4"
    "@ethersproject/keccak256" "^5.0.3"
    "@ethersproject/logger" "^5.0.5"
    "@ethersproject/pbkdf2" "^5.0.3"
    "@ethersproject/properties" "^5.0.3"
    "@ethersproject/random" "^5.0.3"
    "@ethersproject/strings" "^5.0.4"
    "@ethersproject/transactions" "^5.0.5"
    aes-js "3.0.0"
    scrypt-js "3.0.1"

"@ethersproject/keccak256@5.0.6", "@ethersproject/keccak256@^5.0.3":
  version "5.0.6"
  resolved "https://registry.yarnpkg.com/@ethersproject/keccak256/-/keccak256-5.0.6.tgz#5b5ba715ef1be86efde5c271f896fa0daf0e1efe"
  integrity sha512-eJ4Id/i2rwrf5JXEA7a12bG1phuxjj47mPZgDUbttuNBodhSuZF2nEO5QdpaRjmlphQ8Kt9PNqY/z7lhtJptZg==
  dependencies:
    "@ethersproject/bytes" "^5.0.4"
    js-sha3 "0.5.7"

"@ethersproject/logger@5.0.8", "@ethersproject/logger@^5.0.5":
  version "5.0.8"
  resolved "https://registry.yarnpkg.com/@ethersproject/logger/-/logger-5.0.8.tgz#135c1903d35c878265f3cbf2b287042c4c20d5d4"
  integrity sha512-SkJCTaVTnaZ3/ieLF5pVftxGEFX56pTH+f2Slrpv7cU0TNpUZNib84QQdukd++sWUp/S7j5t5NW+WegbXd4U/A==

"@ethersproject/networks@5.0.6", "@ethersproject/networks@^5.0.3":
  version "5.0.6"
  resolved "https://registry.yarnpkg.com/@ethersproject/networks/-/networks-5.0.6.tgz#4d6586bbebfde1c027504ebf6dfb783b29c3803a"
  integrity sha512-2Cg1N5109zzFOBfkyuPj+FfF7ioqAsRffmybJ2lrsiB5skphIAE72XNSCs4fqktlf+rwSh/5o/UXRjXxvSktZw==
  dependencies:
    "@ethersproject/logger" "^5.0.5"

"@ethersproject/pbkdf2@5.0.6", "@ethersproject/pbkdf2@^5.0.3":
  version "5.0.6"
  resolved "https://registry.yarnpkg.com/@ethersproject/pbkdf2/-/pbkdf2-5.0.6.tgz#105dbfb08cd5fcf33869b42bfdc35a3ebd978cbd"
  integrity sha512-CUYciSxR/AaCoKMJk3WUW+BDhR41G3C+O9lOeZ4bR1wDhLKL2Z8p0ciF5XDEiVbmI4CToW6boVKybeVMdngRrg==
  dependencies:
    "@ethersproject/bytes" "^5.0.4"
    "@ethersproject/sha2" "^5.0.3"

"@ethersproject/properties@5.0.6", "@ethersproject/properties@^5.0.3", "@ethersproject/properties@^5.0.4":
  version "5.0.6"
  resolved "https://registry.yarnpkg.com/@ethersproject/properties/-/properties-5.0.6.tgz#44d82aaa294816fd63333e7def42426cf0e87b3b"
  integrity sha512-a9DUMizYhJ0TbtuDkO9iYlb2CDlpSKqGPDr+amvlZhRspQ6jbl5Eq8jfu4SCcGlcfaTbguJmqGnyOGn1EFt6xA==
  dependencies:
    "@ethersproject/logger" "^5.0.5"

"@ethersproject/providers@5.0.16":
  version "5.0.16"
  resolved "https://registry.yarnpkg.com/@ethersproject/providers/-/providers-5.0.16.tgz#23892ea140180f22051801b1a2177ee9c1cc3f75"
  integrity sha512-OCo0NH7VC8hfr7ESuZDMQl2Jdz2jpWulNGsWgnxXZT0tuPrrKHO+5BADS5s1W+YsovL3mKFkQjwGcOP2arvhzw==
  dependencies:
    "@ethersproject/abstract-provider" "^5.0.4"
    "@ethersproject/abstract-signer" "^5.0.4"
    "@ethersproject/address" "^5.0.4"
    "@ethersproject/basex" "^5.0.3"
    "@ethersproject/bignumber" "^5.0.7"
    "@ethersproject/bytes" "^5.0.4"
    "@ethersproject/constants" "^5.0.4"
    "@ethersproject/hash" "^5.0.4"
    "@ethersproject/logger" "^5.0.5"
    "@ethersproject/networks" "^5.0.3"
    "@ethersproject/properties" "^5.0.3"
    "@ethersproject/random" "^5.0.3"
    "@ethersproject/rlp" "^5.0.3"
    "@ethersproject/sha2" "^5.0.3"
    "@ethersproject/strings" "^5.0.4"
    "@ethersproject/transactions" "^5.0.5"
    "@ethersproject/web" "^5.0.6"
    bech32 "1.1.4"
    ws "7.2.3"

"@ethersproject/random@5.0.6", "@ethersproject/random@^5.0.3":
  version "5.0.6"
  resolved "https://registry.yarnpkg.com/@ethersproject/random/-/random-5.0.6.tgz#9be80a1065f2b8e6f321dccb3ebeb4886cac9ea4"
  integrity sha512-8nsVNaZvZ9OD5NXfzE4mmz8IH/1DYJbAR95xpRxZkIuNmfn6QlMp49ccJYZWGhs6m0Zj2+FXjx3pzXfYlo9/dA==
  dependencies:
    "@ethersproject/bytes" "^5.0.4"
    "@ethersproject/logger" "^5.0.5"

"@ethersproject/rlp@5.0.6", "@ethersproject/rlp@^5.0.3":
  version "5.0.6"
  resolved "https://registry.yarnpkg.com/@ethersproject/rlp/-/rlp-5.0.6.tgz#29f9097348a3c330811997433b7df89ab51cd644"
  integrity sha512-M223MTaydfmQSsvqAl0FJZDYFlSqt6cgbhnssLDwqCKYegAHE16vrFyo+eiOapYlt32XAIJm0BXlqSunULzZuQ==
  dependencies:
    "@ethersproject/bytes" "^5.0.4"
    "@ethersproject/logger" "^5.0.5"

"@ethersproject/sha2@5.0.6", "@ethersproject/sha2@^5.0.3":
  version "5.0.6"
  resolved "https://registry.yarnpkg.com/@ethersproject/sha2/-/sha2-5.0.6.tgz#175116dc10b866a0a381f6316d094bcc510bee3c"
  integrity sha512-30gypDLkfkP5gE3llqi0jEuRV8m4/nvzeqmqMxiihZ7veFQHqDaGpyFeHzFim+qGeH9fq0lgYjavLvwW69+Fkw==
  dependencies:
    "@ethersproject/bytes" "^5.0.4"
    "@ethersproject/logger" "^5.0.5"
    hash.js "1.1.3"

"@ethersproject/signing-key@5.0.7", "@ethersproject/signing-key@^5.0.4":
  version "5.0.7"
  resolved "https://registry.yarnpkg.com/@ethersproject/signing-key/-/signing-key-5.0.7.tgz#d03bfc5f565efb962bafebf8e6965e70d1c46d31"
  integrity sha512-JYndnhFPKH0daPcIjyhi+GMcw3srIHkQ40hGRe6DA0CdGrpMfgyfSYDQ2D8HL2lgR+Xm4SHfEB0qba6+sCyrvg==
  dependencies:
    "@ethersproject/bytes" "^5.0.4"
    "@ethersproject/logger" "^5.0.5"
    "@ethersproject/properties" "^5.0.3"
    elliptic "6.5.3"

"@ethersproject/solidity@5.0.7":
  version "5.0.7"
  resolved "https://registry.yarnpkg.com/@ethersproject/solidity/-/solidity-5.0.7.tgz#72a3455f47a454db2dcf363992d42e9045dc7fce"
  integrity sha512-dUevKUZ06p/VMLP/+cz4QUV+lA17NixucDJfm0ioWF0B3R0Lf+6wqwPchcqiAXlxkNFGIax7WNLgGMh4CkQ8iw==
  dependencies:
    "@ethersproject/bignumber" "^5.0.7"
    "@ethersproject/bytes" "^5.0.4"
    "@ethersproject/keccak256" "^5.0.3"
    "@ethersproject/sha2" "^5.0.3"
    "@ethersproject/strings" "^5.0.4"

"@ethersproject/strings@5.0.7", "@ethersproject/strings@^5.0.4":
  version "5.0.7"
  resolved "https://registry.yarnpkg.com/@ethersproject/strings/-/strings-5.0.7.tgz#8dc68f794c9e2901f3b75e53b2afbcb6b6c15037"
  integrity sha512-a+6T80LvmXGMOOWQTZHtGGQEg1z4v8rm8oX70KNs55YtPXI/5J3LBbVf5pyqCKSlmiBw5IaepPvs5XGalRUSZQ==
  dependencies:
    "@ethersproject/bytes" "^5.0.4"
    "@ethersproject/constants" "^5.0.4"
    "@ethersproject/logger" "^5.0.5"

"@ethersproject/transactions@5.0.8", "@ethersproject/transactions@^5.0.5":
  version "5.0.8"
  resolved "https://registry.yarnpkg.com/@ethersproject/transactions/-/transactions-5.0.8.tgz#3b4d7041e13b957a9c4f131e0aea9dae7b6f5a23"
  integrity sha512-i7NtOXVzUe+YSU6QufzlRrI2WzHaTmULAKHJv4duIZMLqzehCBXGA9lTpFgFdqGYcQJ7vOtNFC2BB2mSjmuXqg==
  dependencies:
    "@ethersproject/address" "^5.0.4"
    "@ethersproject/bignumber" "^5.0.7"
    "@ethersproject/bytes" "^5.0.4"
    "@ethersproject/constants" "^5.0.4"
    "@ethersproject/keccak256" "^5.0.3"
    "@ethersproject/logger" "^5.0.5"
    "@ethersproject/properties" "^5.0.3"
    "@ethersproject/rlp" "^5.0.3"
    "@ethersproject/signing-key" "^5.0.4"

"@ethersproject/units@5.0.8":
  version "5.0.8"
  resolved "https://registry.yarnpkg.com/@ethersproject/units/-/units-5.0.8.tgz#563325b20fe1eceff7b61857711d5e2b3f38fd09"
  integrity sha512-3O4MaNHFs05vC5v2ZGqVFVWtO1WyqFejO78M7Qh16njo282aoMlENtVI6cn2B36zOLFXRvYt2pYx6xCG53qKzg==
  dependencies:
    "@ethersproject/bignumber" "^5.0.7"
    "@ethersproject/constants" "^5.0.4"
    "@ethersproject/logger" "^5.0.5"

"@ethersproject/wallet@5.0.9":
  version "5.0.9"
  resolved "https://registry.yarnpkg.com/@ethersproject/wallet/-/wallet-5.0.9.tgz#976c7d950489c40308d676869d24e59ab7b82ad1"
  integrity sha512-GfpQF56PO/945SJq7Wdg5F5U6wkxaDgkAzcgGbCW6Joz8oW8MzKItkvYCzMh+j/8gJMzFncsuqX4zg2gq3J6nQ==
  dependencies:
    "@ethersproject/abstract-provider" "^5.0.4"
    "@ethersproject/abstract-signer" "^5.0.4"
    "@ethersproject/address" "^5.0.4"
    "@ethersproject/bignumber" "^5.0.7"
    "@ethersproject/bytes" "^5.0.4"
    "@ethersproject/hash" "^5.0.4"
    "@ethersproject/hdnode" "^5.0.4"
    "@ethersproject/json-wallets" "^5.0.6"
    "@ethersproject/keccak256" "^5.0.3"
    "@ethersproject/logger" "^5.0.5"
    "@ethersproject/properties" "^5.0.3"
    "@ethersproject/random" "^5.0.3"
    "@ethersproject/signing-key" "^5.0.4"
    "@ethersproject/transactions" "^5.0.5"
    "@ethersproject/wordlists" "^5.0.4"

"@ethersproject/web@5.0.11", "@ethersproject/web@^5.0.6":
  version "5.0.11"
  resolved "https://registry.yarnpkg.com/@ethersproject/web/-/web-5.0.11.tgz#d47da612b958b4439e415782a53c8f8461522d68"
  integrity sha512-x03ihbPoN1S8Gsh9WSwxkYxUIumLi02ZEKJku1C43sxBfe+mdprWyvujzYlpuoRNfWRgNhdRDKMP8JbG6MwNGA==
  dependencies:
    "@ethersproject/base64" "^5.0.3"
    "@ethersproject/bytes" "^5.0.4"
    "@ethersproject/logger" "^5.0.5"
    "@ethersproject/properties" "^5.0.3"
    "@ethersproject/strings" "^5.0.4"

"@ethersproject/wordlists@5.0.7", "@ethersproject/wordlists@^5.0.4":
  version "5.0.7"
  resolved "https://registry.yarnpkg.com/@ethersproject/wordlists/-/wordlists-5.0.7.tgz#4e5ad38cfbef746b196a3290c0d41696eb7ab468"
  integrity sha512-ZjQtYxm41FmHfYgpkdQG++EDcBPQWv9O6FfP6NndYRVaXaQZh6eq3sy7HQP8zCZ8dznKgy6ZyKECS8qdvnGHwA==
  dependencies:
    "@ethersproject/bytes" "^5.0.4"
    "@ethersproject/hash" "^5.0.4"
    "@ethersproject/logger" "^5.0.5"
    "@ethersproject/properties" "^5.0.3"
    "@ethersproject/strings" "^5.0.4"

"@material-ui/core@^4.11.1":
  version "4.11.1"
  resolved "https://registry.yarnpkg.com/@material-ui/core/-/core-4.11.1.tgz#5bb94adc4257165d6ca1670fd71923a27f07d478"
  integrity sha512-aesI8lOaaw0DRIfNG+Anepf61NH5Q+cmkxJOZvI1oHkmD5cKubkZ0C7INqFKjfFpSFlFnqHkTasoM7ogFAvzOg==
  dependencies:
    "@babel/runtime" "^7.4.4"
    "@material-ui/styles" "^4.11.1"
    "@material-ui/system" "^4.9.14"
    "@material-ui/types" "^5.1.0"
    "@material-ui/utils" "^4.10.2"
    "@types/react-transition-group" "^4.2.0"
    clsx "^1.0.4"
    hoist-non-react-statics "^3.3.2"
    popper.js "1.16.1-lts"
    prop-types "^15.7.2"
    react-is "^16.8.0"
    react-transition-group "^4.4.0"

"@material-ui/styles@^4.11.1":
  version "4.11.1"
  resolved "https://registry.yarnpkg.com/@material-ui/styles/-/styles-4.11.1.tgz#089338637e9c358eddccd75c32f0bafd0237d573"
  integrity sha512-GqzsFsVWT8jXa8OWAd1WD6WIaqtXr2mUPbRZ1EjkiM3Dlta4mCRaToDxkFVv6ZHfXlFjMJzdaIEvCpZOCvZTvg==
  dependencies:
    "@babel/runtime" "^7.4.4"
    "@emotion/hash" "^0.8.0"
    "@material-ui/types" "^5.1.0"
    "@material-ui/utils" "^4.9.6"
    clsx "^1.0.4"
    csstype "^2.5.2"
    hoist-non-react-statics "^3.3.2"
    jss "^10.0.3"
    jss-plugin-camel-case "^10.0.3"
    jss-plugin-default-unit "^10.0.3"
    jss-plugin-global "^10.0.3"
    jss-plugin-nested "^10.0.3"
    jss-plugin-props-sort "^10.0.3"
    jss-plugin-rule-value-function "^10.0.3"
    jss-plugin-vendor-prefixer "^10.0.3"
    prop-types "^15.7.2"

"@material-ui/system@^4.9.14":
  version "4.9.14"
  resolved "https://registry.yarnpkg.com/@material-ui/system/-/system-4.9.14.tgz#4b00c48b569340cefb2036d0596b93ac6c587a5f"
  integrity sha512-oQbaqfSnNlEkXEziDcJDDIy8pbvwUmZXWNqlmIwDqr/ZdCK8FuV3f4nxikUh7hvClKV2gnQ9djh5CZFTHkZj3w==
  dependencies:
    "@babel/runtime" "^7.4.4"
    "@material-ui/utils" "^4.9.6"
    csstype "^2.5.2"
    prop-types "^15.7.2"

"@material-ui/types@^5.1.0":
  version "5.1.0"
  resolved "https://registry.yarnpkg.com/@material-ui/types/-/types-5.1.0.tgz#efa1c7a0b0eaa4c7c87ac0390445f0f88b0d88f2"
  integrity sha512-7cqRjrY50b8QzRSYyhSpx4WRw2YuO0KKIGQEVk5J8uoz2BanawykgZGoWEqKm7pVIbzFDN0SpPcVV4IhOFkl8A==

"@material-ui/utils@^4.10.2", "@material-ui/utils@^4.9.6":
  version "4.10.2"
  resolved "https://registry.yarnpkg.com/@material-ui/utils/-/utils-4.10.2.tgz#3fd5470ca61b7341f1e0468ac8f29a70bf6df321"
  integrity sha512-eg29v74P7W5r6a4tWWDAAfZldXIzfyO1am2fIsC39hdUUHm/33k6pGOKPbgDjg/U/4ifmgAePy/1OjkKN6rFRw==
  dependencies:
    "@babel/runtime" "^7.4.4"
    prop-types "^15.7.2"
    react-is "^16.8.0"

"@types/prop-types@*":
  version "15.7.3"
  resolved "https://registry.yarnpkg.com/@types/prop-types/-/prop-types-15.7.3.tgz#2ab0d5da2e5815f94b0b9d4b95d1e5f243ab2ca7"
  integrity sha512-KfRL3PuHmqQLOG+2tGpRO26Ctg+Cq1E01D2DMriKEATHgWLfeNDmq9e29Q9WIky0dQ3NPkd1mzYH8Lm936Z9qw==

"@types/react-transition-group@^4.2.0":
  version "4.4.0"
  resolved "https://registry.yarnpkg.com/@types/react-transition-group/-/react-transition-group-4.4.0.tgz#882839db465df1320e4753e6e9f70ca7e9b4d46d"
  integrity sha512-/QfLHGpu+2fQOqQaXh8MG9q03bFENooTb/it4jr5kKaZlDQfWvjqWZg48AwzPVMBHlRuTRAY7hRHCEOXz5kV6w==
  dependencies:
    "@types/react" "*"

"@types/react@*":
  version "17.0.0"
  resolved "https://registry.yarnpkg.com/@types/react/-/react-17.0.0.tgz#5af3eb7fad2807092f0046a1302b7823e27919b8"
  integrity sha512-aj/L7RIMsRlWML3YB6KZiXB3fV2t41+5RBGYF8z+tAKU43Px8C3cYUZsDvf1/+Bm4FK21QWBrDutu8ZJ/70qOw==
  dependencies:
    "@types/prop-types" "*"
    csstype "^3.0.2"

aes-js@3.0.0:
  version "3.0.0"
  resolved "https://registry.yarnpkg.com/aes-js/-/aes-js-3.0.0.tgz#e21df10ad6c2053295bcbb8dab40b09dbea87e4d"
  integrity sha1-4h3xCtbCBTKVvLuNq0Cwnb6ofk0=

bech32@1.1.4:
  version "1.1.4"
  resolved "https://registry.yarnpkg.com/bech32/-/bech32-1.1.4.tgz#e38c9f37bf179b8eb16ae3a772b40c356d4832e9"
  integrity sha512-s0IrSOzLlbvX7yp4WBfPITzpAU8sqQcpsmwXDiKwrG4r491vwCO/XpejasRNl0piBMe/DvP4Tz0mIS/X1DPJBQ==

bn.js@^4.4.0:
  version "4.11.9"
  resolved "https://registry.yarnpkg.com/bn.js/-/bn.js-4.11.9.tgz#26d556829458f9d1e81fc48952493d0ba3507828"
  integrity sha512-E6QoYqCKZfgatHTdHzs1RRKP7ip4vvm+EyRUeE2RF0NblwVvb0p6jSVeNTOFxPn26QXN2o6SMfNxKp6kU8zQaw==

bn.js@^5.1.3:
  version "5.1.3"
  resolved "https://registry.yarnpkg.com/bn.js/-/bn.js-5.1.3.tgz#beca005408f642ebebea80b042b4d18d2ac0ee6b"
  integrity sha512-GkTiFpjFtUzU9CbMeJ5iazkCzGL3jrhzerzZIuqLABjbwRaFt33I9tUdSNryIptM+RxDet6OKm2WnLXzW51KsQ==

brorand@^1.0.1:
  version "1.1.0"
  resolved "https://registry.yarnpkg.com/brorand/-/brorand-1.1.0.tgz#12c25efe40a45e3c323eb8675a0a0ce57b22371f"
  integrity sha1-EsJe/kCkXjwyPrhnWgoM5XsiNx8=

clsx@^1.0.4:
  version "1.1.1"
  resolved "https://registry.yarnpkg.com/clsx/-/clsx-1.1.1.tgz#98b3134f9abbdf23b2663491ace13c5c03a73188"
  integrity sha512-6/bPho624p3S2pMyvP5kKBPXnI3ufHLObBFCfgx+LkeR5lg2XYy2hqZqUf45ypD8COn2bhgGJSUE+l5dhNBieA==

css-vendor@^2.0.8:
  version "2.0.8"
  resolved "https://registry.yarnpkg.com/css-vendor/-/css-vendor-2.0.8.tgz#e47f91d3bd3117d49180a3c935e62e3d9f7f449d"
  integrity sha512-x9Aq0XTInxrkuFeHKbYC7zWY8ai7qJ04Kxd9MnvbC1uO5DagxoHQjm4JvG+vCdXOoFtCjbL2XSZfxmoYa9uQVQ==
  dependencies:
    "@babel/runtime" "^7.8.3"
    is-in-browser "^1.0.2"

csstype@^2.5.2:
  version "2.6.14"
  resolved "https://registry.yarnpkg.com/csstype/-/csstype-2.6.14.tgz#004822a4050345b55ad4dcc00be1d9cf2f4296de"
  integrity sha512-2mSc+VEpGPblzAxyeR+vZhJKgYg0Og0nnRi7pmRXFYYxSfnOnW8A5wwQb4n4cE2nIOzqKOAzLCaEX6aBmNEv8A==

csstype@^3.0.2:
  version "3.0.5"
  resolved "https://registry.yarnpkg.com/csstype/-/csstype-3.0.5.tgz#7fdec6a28a67ae18647c51668a9ff95bb2fa7bb8"
  integrity sha512-uVDi8LpBUKQj6sdxNaTetL6FpeCqTjOvAQuQUa/qAqq8oOd4ivkbhgnqayl0dnPal8Tb/yB1tF+gOvCBiicaiQ==

dom-helpers@^5.0.1:
  version "5.2.0"
  resolved "https://registry.yarnpkg.com/dom-helpers/-/dom-helpers-5.2.0.tgz#57fd054c5f8f34c52a3eeffdb7e7e93cd357d95b"
  integrity sha512-Ru5o9+V8CpunKnz5LGgWXkmrH/20cGKwcHwS4m73zIvs54CN9epEmT/HLqFJW3kXpakAFkEdzgy1hzlJe3E4OQ==
  dependencies:
    "@babel/runtime" "^7.8.7"
    csstype "^3.0.2"

elliptic@6.5.3:
  version "6.5.3"
  resolved "https://registry.yarnpkg.com/elliptic/-/elliptic-6.5.3.tgz#cb59eb2efdaf73a0bd78ccd7015a62ad6e0f93d6"
  integrity sha512-IMqzv5wNQf+E6aHeIqATs0tOLeOTwj1QKbRcS3jBbYkl5oLAserA8yJTT7/VyHUYG91PRmPyeQDObKLPpeS4dw==
  dependencies:
    bn.js "^4.4.0"
    brorand "^1.0.1"
    hash.js "^1.0.0"
    hmac-drbg "^1.0.0"
    inherits "^2.0.1"
    minimalistic-assert "^1.0.0"
    minimalistic-crypto-utils "^1.0.0"

ethers@^5.0.22:
  version "5.0.22"
  resolved "https://registry.yarnpkg.com/ethers/-/ethers-5.0.22.tgz#0d7d9b195a6818494ee75f6b2db88b060664cb3a"
  integrity sha512-hfpsfQf9b6JITeMULOCJDhWAowS9e6fxCBJfDuFDE3yYZlW0q/U2k3xfSK/q+g8twkRM01uZvUHJN/9zXwrrzQ==
  dependencies:
    "@ethersproject/abi" "5.0.9"
    "@ethersproject/abstract-provider" "5.0.7"
    "@ethersproject/abstract-signer" "5.0.9"
    "@ethersproject/address" "5.0.8"
    "@ethersproject/base64" "5.0.6"
    "@ethersproject/basex" "5.0.6"
    "@ethersproject/bignumber" "5.0.11"
    "@ethersproject/bytes" "5.0.7"
    "@ethersproject/constants" "5.0.7"
    "@ethersproject/contracts" "5.0.8"
    "@ethersproject/hash" "5.0.8"
    "@ethersproject/hdnode" "5.0.7"
    "@ethersproject/json-wallets" "5.0.9"
    "@ethersproject/keccak256" "5.0.6"
    "@ethersproject/logger" "5.0.8"
    "@ethersproject/networks" "5.0.6"
    "@ethersproject/pbkdf2" "5.0.6"
    "@ethersproject/properties" "5.0.6"
    "@ethersproject/providers" "5.0.16"
    "@ethersproject/random" "5.0.6"
    "@ethersproject/rlp" "5.0.6"
    "@ethersproject/sha2" "5.0.6"
    "@ethersproject/signing-key" "5.0.7"
    "@ethersproject/solidity" "5.0.7"
    "@ethersproject/strings" "5.0.7"
    "@ethersproject/transactions" "5.0.8"
    "@ethersproject/units" "5.0.8"
    "@ethersproject/wallet" "5.0.9"
    "@ethersproject/web" "5.0.11"
    "@ethersproject/wordlists" "5.0.7"

hash.js@1.1.3:
  version "1.1.3"
  resolved "https://registry.yarnpkg.com/hash.js/-/hash.js-1.1.3.tgz#340dedbe6290187151c1ea1d777a3448935df846"
  integrity sha512-/UETyP0W22QILqS+6HowevwhEFJ3MBJnwTf75Qob9Wz9t0DPuisL8kW8YZMK62dHAKE1c1p+gY1TtOLY+USEHA==
  dependencies:
    inherits "^2.0.3"
    minimalistic-assert "^1.0.0"

hash.js@^1.0.0, hash.js@^1.0.3:
  version "1.1.7"
  resolved "https://registry.yarnpkg.com/hash.js/-/hash.js-1.1.7.tgz#0babca538e8d4ee4a0f8988d68866537a003cf42"
  integrity sha512-taOaskGt4z4SOANNseOviYDvjEJinIkRgmp7LbKP2YTTmVxWBl87s/uzK9r+44BclBSp2X7K1hqeNfz9JbBeXA==
  dependencies:
    inherits "^2.0.3"
    minimalistic-assert "^1.0.1"

hmac-drbg@^1.0.0:
  version "1.0.1"
  resolved "https://registry.yarnpkg.com/hmac-drbg/-/hmac-drbg-1.0.1.tgz#d2745701025a6c775a6c545793ed502fc0c649a1"
  integrity sha1-0nRXAQJabHdabFRXk+1QL8DGSaE=
  dependencies:
    hash.js "^1.0.3"
    minimalistic-assert "^1.0.0"
    minimalistic-crypto-utils "^1.0.1"

hoist-non-react-statics@^3.3.2:
  version "3.3.2"
  resolved "https://registry.yarnpkg.com/hoist-non-react-statics/-/hoist-non-react-statics-3.3.2.tgz#ece0acaf71d62c2969c2ec59feff42a4b1a85b45"
  integrity sha512-/gGivxi8JPKWNm/W0jSmzcMPpfpPLc3dY/6GxhX2hQ9iGj3aDfklV4ET7NjKpSinLpJ5vafa9iiGIEZg10SfBw==
  dependencies:
    react-is "^16.7.0"

hyphenate-style-name@^1.0.3:
  version "1.0.4"
  resolved "https://registry.yarnpkg.com/hyphenate-style-name/-/hyphenate-style-name-1.0.4.tgz#691879af8e220aea5750e8827db4ef62a54e361d"
  integrity sha512-ygGZLjmXfPHj+ZWh6LwbC37l43MhfztxetbFCoYTM2VjkIUpeHgSNn7QIyVFj7YQ1Wl9Cbw5sholVJPzWvC2MQ==

indefinite-observable@^2.0.1:
  version "2.0.1"
  resolved "https://registry.yarnpkg.com/indefinite-observable/-/indefinite-observable-2.0.1.tgz#574af29bfbc17eb5947793797bddc94c9d859400"
  integrity sha512-G8vgmork+6H9S8lUAg1gtXEj2JxIQTo0g2PbFiYOdjkziSI0F7UYBiVwhZRuixhBCNGczAls34+5HJPyZysvxQ==
  dependencies:
    symbol-observable "1.2.0"

inherits@^2.0.1, inherits@^2.0.3:
  version "2.0.4"
  resolved "https://registry.yarnpkg.com/inherits/-/inherits-2.0.4.tgz#0fa2c64f932917c3433a0ded55363aae37416b7c"
  integrity sha512-k/vGaX4/Yla3WzyMCvTQOXYeIHvqOKtnqBduzTHpzpQZzAskKMhZ2K+EnBiSM9zGSoIFeMpXKxa4dYeZIQqewQ==

is-in-browser@^1.0.2, is-in-browser@^1.1.3:
  version "1.1.3"
  resolved "https://registry.yarnpkg.com/is-in-browser/-/is-in-browser-1.1.3.tgz#56ff4db683a078c6082eb95dad7dc62e1d04f835"
  integrity sha1-Vv9NtoOgeMYILrldrX3GLh0E+DU=

js-sha3@0.5.7:
  version "0.5.7"
  resolved "https://registry.yarnpkg.com/js-sha3/-/js-sha3-0.5.7.tgz#0d4ffd8002d5333aabaf4a23eed2f6374c9f28e7"
  integrity sha1-DU/9gALVMzqrr0oj7tL2N0yfKOc=

"js-tokens@^3.0.0 || ^4.0.0":
  version "4.0.0"
  resolved "https://registry.yarnpkg.com/js-tokens/-/js-tokens-4.0.0.tgz#19203fb59991df98e3a287050d4647cdeaf32499"
  integrity sha512-RdJUflcE3cUzKiMqQgsCu06FPu9UdIJO0beYbPhHN4k6apgJtifcoCtT9bcxOpYBtpD2kCM6Sbzg4CausW/PKQ==

jss-plugin-camel-case@^10.0.3:
  version "10.5.0"
  resolved "https://registry.yarnpkg.com/jss-plugin-camel-case/-/jss-plugin-camel-case-10.5.0.tgz#4b0a9c85e65e5eb72cbfba59373686c604d88f72"
  integrity sha512-GSjPL0adGAkuoqeYiXTgO7PlIrmjv5v8lA6TTBdfxbNYpxADOdGKJgIEkffhlyuIZHlPuuiFYTwUreLUmSn7rg==
  dependencies:
    "@babel/runtime" "^7.3.1"
    hyphenate-style-name "^1.0.3"
    jss "10.5.0"

jss-plugin-default-unit@^10.0.3:
  version "10.5.0"
  resolved "https://registry.yarnpkg.com/jss-plugin-default-unit/-/jss-plugin-default-unit-10.5.0.tgz#e9f2e89741b0118ba15d52b4c13bda2b27262373"
  integrity sha512-rsbTtZGCMrbcb9beiDd+TwL991NGmsAgVYH0hATrYJtue9e+LH/Gn4yFD1ENwE+3JzF3A+rPnM2JuD9L/SIIWw==
  dependencies:
    "@babel/runtime" "^7.3.1"
    jss "10.5.0"

jss-plugin-global@^10.0.3:
  version "10.5.0"
  resolved "https://registry.yarnpkg.com/jss-plugin-global/-/jss-plugin-global-10.5.0.tgz#eb357ccd35cb4894277fb2117a78d1e498668ad6"
  integrity sha512-FZd9+JE/3D7HMefEG54fEC0XiQ9rhGtDHAT/ols24y8sKQ1D5KIw6OyXEmIdKFmACgxZV2ARQ5pAUypxkk2IFQ==
  dependencies:
    "@babel/runtime" "^7.3.1"
    jss "10.5.0"

jss-plugin-nested@^10.0.3:
  version "10.5.0"
  resolved "https://registry.yarnpkg.com/jss-plugin-nested/-/jss-plugin-nested-10.5.0.tgz#790c506432a23a63c71ceb5044e2ac85f0958702"
  integrity sha512-ejPlCLNlEGgx8jmMiDk/zarsCZk+DV0YqXfddpgzbO9Toamo0HweCFuwJ3ZO40UFOfqKwfpKMVH/3HUXgxkTMg==
  dependencies:
    "@babel/runtime" "^7.3.1"
    jss "10.5.0"
    tiny-warning "^1.0.2"

jss-plugin-props-sort@^10.0.3:
  version "10.5.0"
  resolved "https://registry.yarnpkg.com/jss-plugin-props-sort/-/jss-plugin-props-sort-10.5.0.tgz#5bcc3bd8e68cd3e2dafb47d67db28fd5a4fcf102"
  integrity sha512-kTLRvrOetFKz5vM88FAhLNeJIxfjhCepnvq65G7xsAQ/Wgy7HwO1BS/2wE5mx8iLaAWC6Rj5h16mhMk9sKdZxg==
  dependencies:
    "@babel/runtime" "^7.3.1"
    jss "10.5.0"

jss-plugin-rule-value-function@^10.0.3:
  version "10.5.0"
  resolved "https://registry.yarnpkg.com/jss-plugin-rule-value-function/-/jss-plugin-rule-value-function-10.5.0.tgz#60ee8240dfe60418e1ba4729adee893cbe9be7a3"
  integrity sha512-jXINGr8BSsB13JVuK274oEtk0LoooYSJqTBCGeBu2cG/VJ3+4FPs1gwLgsq24xTgKshtZ+WEQMVL34OprLidRA==
  dependencies:
    "@babel/runtime" "^7.3.1"
    jss "10.5.0"
    tiny-warning "^1.0.2"

jss-plugin-vendor-prefixer@^10.0.3:
  version "10.5.0"
  resolved "https://registry.yarnpkg.com/jss-plugin-vendor-prefixer/-/jss-plugin-vendor-prefixer-10.5.0.tgz#01f04cfff31f43f153f5d71972f5800b10a2eb84"
  integrity sha512-rux3gmfwDdOKCLDx0IQjTwTm03IfBa+Rm/hs747cOw5Q7O3RaTUIMPKjtVfc31Xr/XI9Abz2XEupk1/oMQ7zRA==
  dependencies:
    "@babel/runtime" "^7.3.1"
    css-vendor "^2.0.8"
    jss "10.5.0"

jss@10.5.0, jss@^10.0.3:
  version "10.5.0"
  resolved "https://registry.yarnpkg.com/jss/-/jss-10.5.0.tgz#0c2de8a29874b2dc8162ab7f34ef6573a87d9dd3"
  integrity sha512-B6151NvG+thUg3murLNHRPLxTLwQ13ep4SH5brj4d8qKtogOx/jupnpfkPGSHPqvcwKJaCLctpj2lEk+5yGwMw==
  dependencies:
    "@babel/runtime" "^7.3.1"
    csstype "^3.0.2"
    indefinite-observable "^2.0.1"
    is-in-browser "^1.1.3"
    tiny-warning "^1.0.2"

loose-envify@^1.4.0:
  version "1.4.0"
  resolved "https://registry.yarnpkg.com/loose-envify/-/loose-envify-1.4.0.tgz#71ee51fa7be4caec1a63839f7e682d8132d30caf"
  integrity sha512-lyuxPGr/Wfhrlem2CL/UcnUc1zcqKAImBDzukY7Y5F/yQiNdko6+fRLevlw1HgMySw7f611UIY408EtxRSoK3Q==
  dependencies:
    js-tokens "^3.0.0 || ^4.0.0"

minimalistic-assert@^1.0.0, minimalistic-assert@^1.0.1:
  version "1.0.1"
  resolved "https://registry.yarnpkg.com/minimalistic-assert/-/minimalistic-assert-1.0.1.tgz#2e194de044626d4a10e7f7fbc00ce73e83e4d5c7"
  integrity sha512-UtJcAD4yEaGtjPezWuO9wC4nwUnVH/8/Im3yEHQP4b67cXlD/Qr9hdITCU1xDbSEXg2XKNaP8jsReV7vQd00/A==

minimalistic-crypto-utils@^1.0.0, minimalistic-crypto-utils@^1.0.1:
  version "1.0.1"
  resolved "https://registry.yarnpkg.com/minimalistic-crypto-utils/-/minimalistic-crypto-utils-1.0.1.tgz#f6c00c1c0b082246e5c4d99dfb8c7c083b2b582a"
  integrity sha1-9sAMHAsIIkblxNmd+4x8CDsrWCo=

object-assign@^4.1.1:
  version "4.1.1"
  resolved "https://registry.yarnpkg.com/object-assign/-/object-assign-4.1.1.tgz#2109adc7965887cfc05cbbd442cac8bfbb360863"
  integrity sha1-IQmtx5ZYh8/AXLvUQsrIv7s2CGM=

popper.js@1.16.1-lts:
  version "1.16.1-lts"
  resolved "https://registry.yarnpkg.com/popper.js/-/popper.js-1.16.1-lts.tgz#cf6847b807da3799d80ee3d6d2f90df8a3f50b05"
  integrity sha512-Kjw8nKRl1m+VrSFCoVGPph93W/qrSO7ZkqPpTf7F4bk/sqcfWK019dWBUpE/fBOsOQY1dks/Bmcbfn1heM/IsA==

prop-types@^15.6.2, prop-types@^15.7.2:
  version "15.7.2"
  resolved "https://registry.yarnpkg.com/prop-types/-/prop-types-15.7.2.tgz#52c41e75b8c87e72b9d9360e0206b99dcbffa6c5"
  integrity sha512-8QQikdH7//R2vurIJSutZ1smHYTcLpRWEOlHnzcWHmBYrOGUysKwSsrC89BCiFj3CbrfJ/nXFdJepOVrY1GCHQ==
  dependencies:
    loose-envify "^1.4.0"
    object-assign "^4.1.1"
    react-is "^16.8.1"

react-is@^16.7.0, react-is@^16.8.0, react-is@^16.8.1:
  version "16.13.1"
  resolved "https://registry.yarnpkg.com/react-is/-/react-is-16.13.1.tgz#789729a4dc36de2999dc156dd6c1d9c18cea56a4"
  integrity sha512-24e6ynE2H+OKt4kqsOvNd8kBpV65zoxbA4BVsEOB3ARVWQki/DHzaUoC5KuON/BiccDaCCTZBuOcfZs70kR8bQ==

react-transition-group@^4.4.0:
  version "4.4.1"
  resolved "https://registry.yarnpkg.com/react-transition-group/-/react-transition-group-4.4.1.tgz#63868f9325a38ea5ee9535d828327f85773345c9"
  integrity sha512-Djqr7OQ2aPUiYurhPalTrVy9ddmFCCzwhqQmtN+J3+3DzLO209Fdr70QrN8Z3DsglWql6iY1lDWAfpFiBtuKGw==
  dependencies:
    "@babel/runtime" "^7.5.5"
    dom-helpers "^5.0.1"
    loose-envify "^1.4.0"
    prop-types "^15.6.2"

regenerator-runtime@^0.13.4:
  version "0.13.7"
  resolved "https://registry.yarnpkg.com/regenerator-runtime/-/regenerator-runtime-0.13.7.tgz#cac2dacc8a1ea675feaabaeb8ae833898ae46f55"
  integrity sha512-a54FxoJDIr27pgf7IgeQGxmqUNYrcV338lf/6gH456HZ/PhX+5BcwHXG9ajESmwe6WRO0tAzRUrRmNONWgkrew==

scrypt-js@3.0.1:
  version "3.0.1"
  resolved "https://registry.yarnpkg.com/scrypt-js/-/scrypt-js-3.0.1.tgz#d314a57c2aef69d1ad98a138a21fe9eafa9ee312"
  integrity sha512-cdwTTnqPu0Hyvf5in5asVdZocVDTNRmR7XEcJuIzMjJeSHybHl7vpB66AzwTaIg6CLSbtjcxc8fqcySfnTkccA==

symbol-observable@1.2.0:
  version "1.2.0"
  resolved "https://registry.yarnpkg.com/symbol-observable/-/symbol-observable-1.2.0.tgz#c22688aed4eab3cdc2dfeacbb561660560a00804"
  integrity sha512-e900nM8RRtGhlV36KGEU9k65K3mPb1WV70OdjfxlG2EAuM1noi/E/BaW/uMhL7bPEssK8QV57vN3esixjUvcXQ==

tiny-warning@^1.0.2:
  version "1.0.3"
  resolved "https://registry.yarnpkg.com/tiny-warning/-/tiny-warning-1.0.3.tgz#94a30db453df4c643d0fd566060d60a875d84754"
  integrity sha512-lBN9zLN/oAf68o3zNXYrdCt1kP8WsiGW8Oo2ka41b2IM5JL/S1CTyX1rW0mb/zSuJun0ZUrDxx4sqvYS2FWzPA==

ws@7.2.3:
  version "7.2.3"
  resolved "https://registry.yarnpkg.com/ws/-/ws-7.2.3.tgz#a5411e1fb04d5ed0efee76d26d5c46d830c39b46"
  integrity sha512-HTDl9G9hbkNDk98naoR/cHDws7+EyYMOdL1BmjsZXRUjf7d+MficC4B7HLUPlSiho0vg+CWKrGIt/VJBd1xunQ==
